
Microsoft Visual Studio Solution File, Format Version 12.00
# Visual Studio 15
VisualStudioVersion = 15.0.28307.539
MinimumVisualStudioVersion = 10.0.40219.1
Project("{FAE04EC0-301F-11D3-BF4B-00C04F79EFBC}") = "Web", "Web\Web.csproj", "{00660426-E3F0-4D00-87A1-38E8BE40C42D}"
EndProject
Project("{2150E333-8FDC-42A3-9474-1A3956D46DE8}") = "Base", "Base", "{4AC8ADAD-DBB0-4475-BE26-CBF352CE7369}"
EndProject
Project("{FAE04EC0-301F-11D3-BF4B-00C04F79EFBC}") = "Base.IService", "Base\Base.IService\Base.IService.csproj", "{DDC8457D-07F7-4FB8-8A09-2DE8ED54D7A1}"
EndProject
Project("{FAE04EC0-301F-11D3-BF4B-00C04F79EFBC}") = "Base.Model", "Base\Base.Model\Base.Model.csproj", "{5ED8223E-1443-4C98-B065-83F282A801D8}"
EndProject
Project("{FAE04EC0-301F-11D3-BF4B-00C04F79EFBC}") = "Base.Service", "Base\Base.Service\Base.Service.csproj", "{480A0212-40AD-4721-89EC-3653C119C48A}"
EndProject
Project("{2150E333-8FDC-42A3-9474-1A3956D46DE8}") = "Core", "Core", "{C769AC29-0669-463C-B7D7-F0FD4BD54E50}"
EndProject
Project("{FAE04EC0-301F-11D3-BF4B-00C04F79EFBC}") = "ORM", "Core\ORM\ORM.csproj", "{D7218EA6-53B0-47B6-BD7B-90F74CBADE64}"
EndProject
Project("{FAE04EC0-301F-11D3-BF4B-00C04F79EFBC}") = "Utility", "Core\Utility\Utility.csproj", "{92E75030-0341-495E-9971-6DA5D2A3C681}"
EndProject
Project("{FAE04EC0-301F-11D3-BF4B-00C04F79EFBC}") = "Web.Utility", "Core\Web.Utility\Web.Utility.csproj", "{BD7BFE4E-8536-4EED-AB2D-00314BAEA9EC}"
EndProject
Project("{2150E333-8FDC-42A3-9474-1A3956D46DE8}") = "Library", "Library", "{9CEFCBE2-917A-4D92-85EF-DDE735E1F638}"
EndProject
Project("{FAE04EC0-301F-11D3-BF4B-00C04F79EFBC}") = "JDYD.IService", "Library\JDYD.IService\JDYD.IService.csproj", "{2A4DFF90-F14A-4FEB-BC97-0E9E3228F8B5}"
EndProject
Project("{FAE04EC0-301F-11D3-BF4B-00C04F79EFBC}") = "JDYD.Service", "JDYD\JDYD.Service\JDYD.Service.csproj", "{51B3E8D0-29AC-423E-A4EB-F77EE3B51817}"
EndProject
Project("{FAE04EC0-301F-11D3-BF4B-00C04F79EFBC}") = "JDYD.Model", "JDYD\JDYD.Model\JDYD.Model.csproj", "{0CD1D26E-F5BC-4DBC-BA6B-4DBC420ED018}"
EndProject
Global
	GlobalSection(SolutionConfigurationPlatforms) = preSolution
		Debug|Any CPU = Debug|Any CPU
		Release|Any CPU = Release|Any CPU
	EndGlobalSection
	GlobalSection(ProjectConfigurationPlatforms) = postSolution
		{00660426-E3F0-4D00-87A1-38E8BE40C42D}.Debug|Any CPU.ActiveCfg = Debug|Any CPU
		{00660426-E3F0-4D00-87A1-38E8BE40C42D}.Debug|Any CPU.Build.0 = Debug|Any CPU
		{00660426-E3F0-4D00-87A1-38E8BE40C42D}.Release|Any CPU.ActiveCfg = Release|Any CPU
		{00660426-E3F0-4D00-87A1-38E8BE40C42D}.Release|Any CPU.Build.0 = Release|Any CPU
		{DDC8457D-07F7-4FB8-8A09-2DE8ED54D7A1}.Debug|Any CPU.ActiveCfg = Debug|Any CPU
		{DDC8457D-07F7-4FB8-8A09-2DE8ED54D7A1}.Debug|Any CPU.Build.0 = Debug|Any CPU
		{DDC8457D-07F7-4FB8-8A09-2DE8ED54D7A1}.Release|Any CPU.ActiveCfg = Release|Any CPU
		{DDC8457D-07F7-4FB8-8A09-2DE8ED54D7A1}.Release|Any CPU.Build.0 = Release|Any CPU
		{5ED8223E-1443-4C98-B065-83F282A801D8}.Debug|Any CPU.ActiveCfg = Debug|Any CPU
		{5ED8223E-1443-4C98-B065-83F282A801D8}.Debug|Any CPU.Build.0 = Debug|Any CPU
		{5ED8223E-1443-4C98-B065-83F282A801D8}.Release|Any CPU.ActiveCfg = Release|Any CPU
		{5ED8223E-1443-4C98-B065-83F282A801D8}.Release|Any CPU.Build.0 = Release|Any CPU
		{480A0212-40AD-4721-89EC-3653C119C48A}.Debug|Any CPU.ActiveCfg = Debug|Any CPU
		{480A0212-40AD-4721-89EC-3653C119C48A}.Debug|Any CPU.Build.0 = Debug|Any CPU
		{480A0212-40AD-4721-89EC-3653C119C48A}.Release|Any CPU.ActiveCfg = Release|Any CPU
		{480A0212-40AD-4721-89EC-3653C119C48A}.Release|Any CPU.Build.0 = Release|Any CPU
		{D7218EA6-53B0-47B6-BD7B-90F74CBADE64}.Debug|Any CPU.ActiveCfg = Debug|Any CPU
		{D7218EA6-53B0-47B6-BD7B-90F74CBADE64}.Debug|Any CPU.Build.0 = Debug|Any CPU
		{D7218EA6-53B0-47B6-BD7B-90F74CBADE64}.Release|Any CPU.ActiveCfg = Release|Any CPU
		{D7218EA6-53B0-47B6-BD7B-90F74CBADE64}.Release|Any CPU.Build.0 = Release|Any CPU
		{92E75030-0341-495E-9971-6DA5D2A3C681}.Debug|Any CPU.ActiveCfg = Debug|Any CPU
		{92E75030-0341-495E-9971-6DA5D2A3C681}.Debug|Any CPU.Build.0 = Debug|Any CPU
		{92E75030-0341-495E-9971-6DA5D2A3C681}.Release|Any CPU.ActiveCfg = Release|Any CPU
		{92E75030-0341-495E-9971-6DA5D2A3C681}.Release|Any CPU.Build.0 = Release|Any CPU
		{BD7BFE4E-8536-4EED-AB2D-00314BAEA9EC}.Debug|Any CPU.ActiveCfg = Debug|Any CPU
		{BD7BFE4E-8536-4EED-AB2D-00314BAEA9EC}.Debug|Any CPU.Build.0 = Debug|Any CPU
		{BD7BFE4E-8536-4EED-AB2D-00314BAEA9EC}.Release|Any CPU.ActiveCfg = Release|Any CPU
		{BD7BFE4E-8536-4EED-AB2D-00314BAEA9EC}.Release|Any CPU.Build.0 = Release|Any CPU
		{2A4DFF90-F14A-4FEB-BC97-0E9E3228F8B5}.Debug|Any CPU.ActiveCfg = Debug|Any CPU
		{2A4DFF90-F14A-4FEB-BC97-0E9E3228F8B5}.Debug|Any CPU.Build.0 = Debug|Any CPU
		{2A4DFF90-F14A-4FEB-BC97-0E9E3228F8B5}.Release|Any CPU.ActiveCfg = Release|Any CPU
		{2A4DFF90-F14A-4FEB-BC97-0E9E3228F8B5}.Release|Any CPU.Build.0 = Release|Any CPU
		{51B3E8D0-29AC-423E-A4EB-F77EE3B51817}.Debug|Any CPU.ActiveCfg = Debug|Any CPU
		{51B3E8D0-29AC-423E-A4EB-F77EE3B51817}.Debug|Any CPU.Build.0 = Debug|Any CPU
		{51B3E8D0-29AC-423E-A4EB-F77EE3B51817}.Release|Any CPU.ActiveCfg = Release|Any CPU
		{51B3E8D0-29AC-423E-A4EB-F77EE3B51817}.Release|Any CPU.Build.0 = Release|Any CPU
		{0CD1D26E-F5BC-4DBC-BA6B-4DBC420ED018}.Debug|Any CPU.ActiveCfg = Debug|Any CPU
		{0CD1D26E-F5BC-4DBC-BA6B-4DBC420ED018}.Debug|Any CPU.Build.0 = Debug|Any CPU
		{0CD1D26E-F5BC-4DBC-BA6B-4DBC420ED018}.Release|Any CPU.ActiveCfg = Release|Any CPU
		{0CD1D26E-F5BC-4DBC-BA6B-4DBC420ED018}.Release|Any CPU.Build.0 = Release|Any CPU
	EndGlobalSection
	GlobalSection(SolutionProperties) = preSolution
		HideSolutionNode = FALSE
	EndGlobalSection
	GlobalSection(NestedProjects) = preSolution
		{DDC8457D-07F7-4FB8-8A09-2DE8ED54D7A1} = {4AC8ADAD-DBB0-4475-BE26-CBF352CE7369}
		{5ED8223E-1443-4C98-B065-83F282A801D8} = {4AC8ADAD-DBB0-4475-BE26-CBF352CE7369}
		{480A0212-40AD-4721-89EC-3653C119C48A} = {4AC8ADAD-DBB0-4475-BE26-CBF352CE7369}
		{D7218EA6-53B0-47B6-BD7B-90F74CBADE64} = {C769AC29-0669-463C-B7D7-F0FD4BD54E50}
		{92E75030-0341-495E-9971-6DA5D2A3C681} = {C769AC29-0669-463C-B7D7-F0FD4BD54E50}
		{BD7BFE4E-8536-4EED-AB2D-00314BAEA9EC} = {C769AC29-0669-463C-B7D7-F0FD4BD54E50}
		{2A4DFF90-F14A-4FEB-BC97-0E9E3228F8B5} = {9CEFCBE2-917A-4D92-85EF-DDE735E1F638}
		{51B3E8D0-29AC-423E-A4EB-F77EE3B51817} = {9CEFCBE2-917A-4D92-85EF-DDE735E1F638}
		{0CD1D26E-F5BC-4DBC-BA6B-4DBC420ED018} = {9CEFCBE2-917A-4D92-85EF-DDE735E1F638}
	EndGlobalSection
	GlobalSection(ExtensibilityGlobals) = postSolution
		SolutionGuid = {59BC2C09-8DE6-4395-A7A6-FDA1AC68F63D}
	EndGlobalSection
EndGlobal
